// !$*UTF8*$!
{
	archiveVersion = 1;
	classes = {
	};
	objectVersion = 46;
	objects = {

/* Begin PBXBuildFile section */
		2065CDADBCC14D92DE57C081 /* Pods_Diplomski_radUITests.framework in Frameworks */ = {isa = PBXBuildFile; fileRef = 8B426E82BEDCE6D3456020C7 /* Pods_Diplomski_radUITests.framework */; };
		2F0D4A8B6E992589CF1948B1 /* Pods_Diplomski_radTests.framework in Frameworks */ = {isa = PBXBuildFile; fileRef = 20871222BCA879EC05C7FD93 /* Pods_Diplomski_radTests.framework */; };
		69665A0660FF6F61AE1EFCFB /* Pods_Diplomski_rad.framework in Frameworks */ = {isa = PBXBuildFile; fileRef = 81C43DC21BC245AD2AC04DC1 /* Pods_Diplomski_rad.framework */; };
		ADC546D81EA3E53100D9B56C /* AppDelegate.swift in Sources */ = {isa = PBXBuildFile; fileRef = ADC546D71EA3E53100D9B56C /* AppDelegate.swift */; };
		ADC546DA1EA3E53100D9B56C /* ViewController.swift in Sources */ = {isa = PBXBuildFile; fileRef = ADC546D91EA3E53100D9B56C /* ViewController.swift */; };
		ADC546DD1EA3E53100D9B56C /* Main.storyboard in Resources */ = {isa = PBXBuildFile; fileRef = ADC546DB1EA3E53100D9B56C /* Main.storyboard */; };
		ADC546DF1EA3E53100D9B56C /* Assets.xcassets in Resources */ = {isa = PBXBuildFile; fileRef = ADC546DE1EA3E53100D9B56C /* Assets.xcassets */; };
		ADC546E21EA3E53100D9B56C /* LaunchScreen.storyboard in Resources */ = {isa = PBXBuildFile; fileRef = ADC546E01EA3E53100D9B56C /* LaunchScreen.storyboard */; };
		ADC546ED1EA3E53100D9B56C /* Diplomski_radTests.swift in Sources */ = {isa = PBXBuildFile; fileRef = ADC546EC1EA3E53100D9B56C /* Diplomski_radTests.swift */; };
		ADC546F81EA3E53100D9B56C /* Diplomski_radUITests.swift in Sources */ = {isa = PBXBuildFile; fileRef = ADC546F71EA3E53100D9B56C /* Diplomski_radUITests.swift */; };
/* End PBXBuildFile section */

/* Begin PBXContainerItemProxy section */
		ADC546E91EA3E53100D9B56C /* PBXContainerItemProxy */ = {
			isa = PBXContainerItemProxy;
			containerPortal = ADC546CC1EA3E53000D9B56C /* Project object */;
			proxyType = 1;
			remoteGlobalIDString = ADC546D31EA3E53100D9B56C;
			remoteInfo = Diplomski_rad;
		};
		ADC546F41EA3E53100D9B56C /* PBXContainerItemProxy */ = {
			isa = PBXContainerItemProxy;
			containerPortal = ADC546CC1EA3E53000D9B56C /* Project object */;
			proxyType = 1;
			remoteGlobalIDString = ADC546D31EA3E53100D9B56C;
			remoteInfo = Diplomski_rad;
		};
/* End PBXContainerItemProxy section */

/* Begin PBXFileReference section */
		20871222BCA879EC05C7FD93 /* Pods_Diplomski_radTests.framework */ = {isa = PBXFileReference; explicitFileType = wrapper.framework; includeInIndex = 0; path = Pods_Diplomski_radTests.framework; sourceTree = BUILT_PRODUCTS_DIR; };
		2550C76A5D5B20AC5D46ECAC /* Pods-Diplomski_rad.debug.xcconfig */ = {isa = PBXFileReference; includeInIndex = 1; lastKnownFileType = text.xcconfig; name = "Pods-Diplomski_rad.debug.xcconfig"; path = "Pods/Target Support Files/Pods-Diplomski_rad/Pods-Diplomski_rad.debug.xcconfig"; sourceTree = "<group>"; };
		2A0B9C9EC598540D769253D8 /* Pods-Diplomski_rad.release.xcconfig */ = {isa = PBXFileReference; includeInIndex = 1; lastKnownFileType = text.xcconfig; name = "Pods-Diplomski_rad.release.xcconfig"; path = "Pods/Target Support Files/Pods-Diplomski_rad/Pods-Diplomski_rad.release.xcconfig"; sourceTree = "<group>"; };
		54D0649AF83478531A8B3B5F /* Pods-Diplomski_radTests.release.xcconfig */ = {isa = PBXFileReference; includeInIndex = 1; lastKnownFileType = text.xcconfig; name = "Pods-Diplomski_radTests.release.xcconfig"; path = "Pods/Target Support Files/Pods-Diplomski_radTests/Pods-Diplomski_radTests.release.xcconfig"; sourceTree = "<group>"; };
		6A33EA8AB8BCF3E6B323E20A /* Pods-Diplomski_radTests.debug.xcconfig */ = {isa = PBXFileReference; includeInIndex = 1; lastKnownFileType = text.xcconfig; name = "Pods-Diplomski_radTests.debug.xcconfig"; path = "Pods/Target Support Files/Pods-Diplomski_radTests/Pods-Diplomski_radTests.debug.xcconfig"; sourceTree = "<group>"; };
		7F5DDAABA3582F9D81308E22 /* Pods-Diplomski_radUITests.debug.xcconfig */ = {isa = PBXFileReference; includeInIndex = 1; lastKnownFileType = text.xcconfig; name = "Pods-Diplomski_radUITests.debug.xcconfig"; path = "Pods/Target Support Files/Pods-Diplomski_radUITests/Pods-Diplomski_radUITests.debug.xcconfig"; sourceTree = "<group>"; };
		81C43DC21BC245AD2AC04DC1 /* Pods_Diplomski_rad.framework */ = {isa = PBXFileReference; explicitFileType = wrapper.framework; includeInIndex = 0; path = Pods_Diplomski_rad.framework; sourceTree = BUILT_PRODUCTS_DIR; };
		8B426E82BEDCE6D3456020C7 /* Pods_Diplomski_radUITests.framework */ = {isa = PBXFileReference; explicitFileType = wrapper.framework; includeInIndex = 0; path = Pods_Diplomski_radUITests.framework; sourceTree = BUILT_PRODUCTS_DIR; };
		ADC546D41EA3E53100D9B56C /* Diplomski_rad.app */ = {isa = PBXFileReference; explicitFileType = wrapper.application; includeInIndex = 0; path = Diplomski_rad.app; sourceTree = BUILT_PRODUCTS_DIR; };
		ADC546D71EA3E53100D9B56C /* AppDelegate.swift */ = {isa = PBXFileReference; lastKnownFileType = sourcecode.swift; path = AppDelegate.swift; sourceTree = "<group>"; };
		ADC546D91EA3E53100D9B56C /* ViewController.swift */ = {isa = PBXFileReference; lastKnownFileType = sourcecode.swift; path = ViewController.swift; sourceTree = "<group>"; };
		ADC546DC1EA3E53100D9B56C /* Base */ = {isa = PBXFileReference; lastKnownFileType = file.storyboard; name = Base; path = Base.lproj/Main.storyboard; sourceTree = "<group>"; };
		ADC546DE1EA3E53100D9B56C /* Assets.xcassets */ = {isa = PBXFileReference; lastKnownFileType = folder.assetcatalog; path = Assets.xcassets; sourceTree = "<group>"; };
		ADC546E11EA3E53100D9B56C /* Base */ = {isa = PBXFileReference; lastKnownFileType = file.storyboard; name = Base; path = Base.lproj/LaunchScreen.storyboard; sourceTree = "<group>"; };
		ADC546E31EA3E53100D9B56C /* Info.plist */ = {isa = PBXFileReference; lastKnownFileType = text.plist.xml; path = Info.plist; sourceTree = "<group>"; };
		ADC546E81EA3E53100D9B56C /* Diplomski_radTests.xctest */ = {isa = PBXFileReference; explicitFileType = wrapper.cfbundle; includeInIndex = 0; path = Diplomski_radTests.xctest; sourceTree = BUILT_PRODUCTS_DIR; };
		ADC546EC1EA3E53100D9B56C /* Diplomski_radTests.swift */ = {isa = PBXFileReference; lastKnownFileType = sourcecode.swift; path = Diplomski_radTests.swift; sourceTree = "<group>"; };
		ADC546EE1EA3E53100D9B56C /* Info.plist */ = {isa = PBXFileReference; lastKnownFileType = text.plist.xml; path = Info.plist; sourceTree = "<group>"; };
		ADC546F31EA3E53100D9B56C /* Diplomski_radUITests.xctest */ = {isa = PBXFileReference; explicitFileType = wrapper.cfbundle; includeInIndex = 0; path = Diplomski_radUITests.xctest; sourceTree = BUILT_PRODUCTS_DIR; };
		ADC546F71EA3E53100D9B56C /* Diplomski_radUITests.swift */ = {isa = PBXFileReference; lastKnownFileType = sourcecode.swift; path = Diplomski_radUITests.swift; sourceTree = "<group>"; };
		ADC546F91EA3E53100D9B56C /* Info.plist */ = {isa = PBXFileReference; lastKnownFileType = text.plist.xml; path = Info.plist; sourceTree = "<group>"; };
		B18B3E362CFABB14D7666A89 /* Pods-Diplomski_radUITests.release.xcconfig */ = {isa = PBXFileReference; includeInIndex = 1; lastKnownFileType = text.xcconfig; name = "Pods-Diplomski_radUITests.release.xcconfig"; path = "Pods/Target Support Files/Pods-Diplomski_radUITests/Pods-Diplomski_radUITests.release.xcconfig"; sourceTree = "<group>"; };
/* End PBXFileReference section */

/* Begin PBXFrameworksBuildPhase section */
		ADC546D11EA3E53100D9B56C /* Frameworks */ = {
			isa = PBXFrameworksBuildPhase;
			buildActionMask = 2147483647;
			files = (
				69665A0660FF6F61AE1EFCFB /* Pods_Diplomski_rad.framework in Frameworks */,
			);
			runOnlyForDeploymentPostprocessing = 0;
		};
		ADC546E51EA3E53100D9B56C /* Frameworks */ = {
			isa = PBXFrameworksBuildPhase;
			buildActionMask = 2147483647;
			files = (
				2F0D4A8B6E992589CF1948B1 /* Pods_Diplomski_radTests.framework in Frameworks */,
			);
			runOnlyForDeploymentPostprocessing = 0;
		};
		ADC546F01EA3E53100D9B56C /* Frameworks */ = {
			isa = PBXFrameworksBuildPhase;
			buildActionMask = 2147483647;
			files = (
				2065CDADBCC14D92DE57C081 /* Pods_Diplomski_radUITests.framework in Frameworks */,
			);
			runOnlyForDeploymentPostprocessing = 0;
		};
/* End PBXFrameworksBuildPhase section */

/* Begin PBXGroup section */
		53E0F521F110BFAF6FE53E3F /* Frameworks */ = {
			isa = PBXGroup;
			children = (
				81C43DC21BC245AD2AC04DC1 /* Pods_Diplomski_rad.framework */,
				20871222BCA879EC05C7FD93 /* Pods_Diplomski_radTests.framework */,
				8B426E82BEDCE6D3456020C7 /* Pods_Diplomski_radUITests.framework */,
			);
			name = Frameworks;
			sourceTree = "<group>";
		};
		9A469B51E4E387B19F87CBAB /* Pods */ = {
			isa = PBXGroup;
			children = (
				2550C76A5D5B20AC5D46ECAC /* Pods-Diplomski_rad.debug.xcconfig */,
				2A0B9C9EC598540D769253D8 /* Pods-Diplomski_rad.release.xcconfig */,
				6A33EA8AB8BCF3E6B323E20A /* Pods-Diplomski_radTests.debug.xcconfig */,
				54D0649AF83478531A8B3B5F /* Pods-Diplomski_radTests.release.xcconfig */,
				7F5DDAABA3582F9D81308E22 /* Pods-Diplomski_radUITests.debug.xcconfig */,
				B18B3E362CFABB14D7666A89 /* Pods-Diplomski_radUITests.release.xcconfig */,
			);
			name = Pods;
			sourceTree = "<group>";
		};
		ADC546CB1EA3E53000D9B56C = {
			isa = PBXGroup;
			children = (
				ADC546D61EA3E53100D9B56C /* Diplomski_rad */,
				ADC546EB1EA3E53100D9B56C /* Diplomski_radTests */,
				ADC546F61EA3E53100D9B56C /* Diplomski_radUITests */,
				ADC546D51EA3E53100D9B56C /* Products */,
				9A469B51E4E387B19F87CBAB /* Pods */,
				53E0F521F110BFAF6FE53E3F /* Frameworks */,
			);
			sourceTree = "<group>";
		};
		ADC546D51EA3E53100D9B56C /* Products */ = {
			isa = PBXGroup;
			children = (
				ADC546D41EA3E53100D9B56C /* Diplomski_rad.app */,
				ADC546E81EA3E53100D9B56C /* Diplomski_radTests.xctest */,
				ADC546F31EA3E53100D9B56C /* Diplomski_radUITests.xctest */,
			);
			name = Products;
			sourceTree = "<group>";
		};
		ADC546D61EA3E53100D9B56C /* Diplomski_rad */ = {
			isa = PBXGroup;
			children = (
				ADC546D71EA3E53100D9B56C /* AppDelegate.swift */,
				ADC546D91EA3E53100D9B56C /* ViewController.swift */,
				ADC546DB1EA3E53100D9B56C /* Main.storyboard */,
				ADC546DE1EA3E53100D9B56C /* Assets.xcassets */,
				ADC546E01EA3E53100D9B56C /* LaunchScreen.storyboard */,
				ADC546E31EA3E53100D9B56C /* Info.plist */,
			);
			path = Diplomski_rad;
			sourceTree = "<group>";
		};
		ADC546EB1EA3E53100D9B56C /* Diplomski_radTests */ = {
			isa = PBXGroup;
			children = (
				ADC546EC1EA3E53100D9B56C /* Diplomski_radTests.swift */,
				ADC546EE1EA3E53100D9B56C /* Info.plist */,
			);
			path = Diplomski_radTests;
			sourceTree = "<group>";
		};
		ADC546F61EA3E53100D9B56C /* Diplomski_radUITests */ = {
			isa = PBXGroup;
			children = (
				ADC546F71EA3E53100D9B56C /* Diplomski_radUITests.swift */,
				ADC546F91EA3E53100D9B56C /* Info.plist */,
			);
			path = Diplomski_radUITests;
			sourceTree = "<group>";
		};
/* End PBXGroup section */

/* Begin PBXNativeTarget section */
		ADC546D31EA3E53100D9B56C /* Diplomski_rad */ = {
			isa = PBXNativeTarget;
			buildConfigurationList = ADC546FC1EA3E53100D9B56C /* Build configuration list for PBXNativeTarget "Diplomski_rad" */;
			buildPhases = (
				0843D01064979406910258D2 /* [CP] Check Pods Manifest.lock */,
				ADC546D01EA3E53100D9B56C /* Sources */,
				ADC546D11EA3E53100D9B56C /* Frameworks */,
				ADC546D21EA3E53100D9B56C /* Resources */,
				3627E7D228977971BC3C2C8A /* [CP] Embed Pods Frameworks */,
				7109BF5C566F92852A46ECE5 /* [CP] Copy Pods Resources */,
				ADC547051EA3F25000D9B56C /* ShellScript */,
			);
			buildRules = (
			);
			dependencies = (
			);
			name = Diplomski_rad;
			productName = Diplomski_rad;
			productReference = ADC546D41EA3E53100D9B56C /* Diplomski_rad.app */;
			productType = "com.apple.product-type.application";
		};
		ADC546E71EA3E53100D9B56C /* Diplomski_radTests */ = {
			isa = PBXNativeTarget;
			buildConfigurationList = ADC546FF1EA3E53100D9B56C /* Build configuration list for PBXNativeTarget "Diplomski_radTests" */;
			buildPhases = (
				44C0D1B98A28B0EC5C25BEBF /* [CP] Check Pods Manifest.lock */,
				ADC546E41EA3E53100D9B56C /* Sources */,
				ADC546E51EA3E53100D9B56C /* Frameworks */,
				ADC546E61EA3E53100D9B56C /* Resources */,
				893BBF0C5035E72C83D121BB /* [CP] Embed Pods Frameworks */,
				32CB934729C7117C52295AFE /* [CP] Copy Pods Resources */,
			);
			buildRules = (
			);
			dependencies = (
				ADC546EA1EA3E53100D9B56C /* PBXTargetDependency */,
			);
			name = Diplomski_radTests;
			productName = Diplomski_radTests;
			productReference = ADC546E81EA3E53100D9B56C /* Diplomski_radTests.xctest */;
			productType = "com.apple.product-type.bundle.unit-test";
		};
		ADC546F21EA3E53100D9B56C /* Diplomski_radUITests */ = {
			isa = PBXNativeTarget;
			buildConfigurationList = ADC547021EA3E53100D9B56C /* Build configuration list for PBXNativeTarget "Diplomski_radUITests" */;
			buildPhases = (
				92C797F8A4B7B52771EDE0D9 /* [CP] Check Pods Manifest.lock */,
				ADC546EF1EA3E53100D9B56C /* Sources */,
				ADC546F01EA3E53100D9B56C /* Frameworks */,
				ADC546F11EA3E53100D9B56C /* Resources */,
				A802135BF8D69B2F4553D869 /* [CP] Embed Pods Frameworks */,
				C006C2E12108FC47362B4877 /* [CP] Copy Pods Resources */,
			);
			buildRules = (
			);
			dependencies = (
				ADC546F51EA3E53100D9B56C /* PBXTargetDependency */,
			);
			name = Diplomski_radUITests;
			productName = Diplomski_radUITests;
			productReference = ADC546F31EA3E53100D9B56C /* Diplomski_radUITests.xctest */;
			productType = "com.apple.product-type.bundle.ui-testing";
		};
/* End PBXNativeTarget section */

/* Begin PBXProject section */
		ADC546CC1EA3E53000D9B56C /* Project object */ = {
			isa = PBXProject;
			attributes = {
				LastSwiftUpdateCheck = 0830;
				LastUpgradeCheck = 0830;
				ORGANIZATIONNAME = rep;
				TargetAttributes = {
					ADC546D31EA3E53100D9B56C = {
						CreatedOnToolsVersion = 8.3;
						DevelopmentTeam = XU2GV7VZT6;
						ProvisioningStyle = Automatic;
					};
					ADC546E71EA3E53100D9B56C = {
						CreatedOnToolsVersion = 8.3;
						DevelopmentTeam = MDX989Y6D8;
						ProvisioningStyle = Automatic;
						TestTargetID = ADC546D31EA3E53100D9B56C;
					};
					ADC546F21EA3E53100D9B56C = {
						CreatedOnToolsVersion = 8.3;
						DevelopmentTeam = MDX989Y6D8;
						ProvisioningStyle = Automatic;
						TestTargetID = ADC546D31EA3E53100D9B56C;
					};
				};
			};
			buildConfigurationList = ADC546CF1EA3E53000D9B56C /* Build configuration list for PBXProject "Diplomski_rad" */;
			compatibilityVersion = "Xcode 3.2";
			developmentRegion = English;
			hasScannedForEncodings = 0;
			knownRegions = (
				en,
				Base,
			);
			mainGroup = ADC546CB1EA3E53000D9B56C;
			productRefGroup = ADC546D51EA3E53100D9B56C /* Products */;
			projectDirPath = "";
			projectRoot = "";
			targets = (
				ADC546D31EA3E53100D9B56C /* Diplomski_rad */,
				ADC546E71EA3E53100D9B56C /* Diplomski_radTests */,
				ADC546F21EA3E53100D9B56C /* Diplomski_radUITests */,
			);
		};
/* End PBXProject section */

/* Begin PBXResourcesBuildPhase section */
		ADC546D21EA3E53100D9B56C /* Resources */ = {
			isa = PBXResourcesBuildPhase;
			buildActionMask = 2147483647;
			files = (
				ADC546E21EA3E53100D9B56C /* LaunchScreen.storyboard in Resources */,
				ADC546DF1EA3E53100D9B56C /* Assets.xcassets in Resources */,
				ADC546DD1EA3E53100D9B56C /* Main.storyboard in Resources */,
			);
			runOnlyForDeploymentPostprocessing = 0;
		};
		ADC546E61EA3E53100D9B56C /* Resources */ = {
			isa = PBXResourcesBuildPhase;
			buildActionMask = 2147483647;
			files = (
			);
			runOnlyForDeploymentPostprocessing = 0;
		};
		ADC546F11EA3E53100D9B56C /* Resources */ = {
			isa = PBXResourcesBuildPhase;
			buildActionMask = 2147483647;
			files = (
			);
			runOnlyForDeploymentPostprocessing = 0;
		};
/* End PBXResourcesBuildPhase section */

/* Begin PBXShellScriptBuildPhase section */
		0843D01064979406910258D2 /* [CP] Check Pods Manifest.lock */ = {
			isa = PBXShellScriptBuildPhase;
			buildActionMask = 2147483647;
			files = (
			);
			inputPaths = (
			);
			name = "[CP] Check Pods Manifest.lock";
			outputPaths = (
			);
			runOnlyForDeploymentPostprocessing = 0;
			shellPath = /bin/sh;
			shellScript = "diff \"${PODS_ROOT}/../Podfile.lock\" \"${PODS_ROOT}/Manifest.lock\" > /dev/null\nif [ $? != 0 ] ; then\n    # print error to STDERR\n    echo \"error: The sandbox is not in sync with the Podfile.lock. Run 'pod install' or update your CocoaPods installation.\" >&2\n    exit 1\nfi\n";
			showEnvVarsInLog = 0;
		};
		32CB934729C7117C52295AFE /* [CP] Copy Pods Resources */ = {
			isa = PBXShellScriptBuildPhase;
			buildActionMask = 2147483647;
			files = (
			);
			inputPaths = (
			);
			name = "[CP] Copy Pods Resources";
			outputPaths = (
			);
			runOnlyForDeploymentPostprocessing = 0;
			shellPath = /bin/sh;
			shellScript = "\"${SRCROOT}/Pods/Target Support Files/Pods-Diplomski_radTests/Pods-Diplomski_radTests-resources.sh\"\n";
			showEnvVarsInLog = 0;
		};
		3627E7D228977971BC3C2C8A /* [CP] Embed Pods Frameworks */ = {
			isa = PBXShellScriptBuildPhase;
			buildActionMask = 2147483647;
			files = (
			);
			inputPaths = (
			);
			name = "[CP] Embed Pods Frameworks";
			outputPaths = (
			);
			runOnlyForDeploymentPostprocessing = 0;
			shellPath = /bin/sh;
			shellScript = "\"${SRCROOT}/Pods/Target Support Files/Pods-Diplomski_rad/Pods-Diplomski_rad-frameworks.sh\"\n";
			showEnvVarsInLog = 0;
		};
		44C0D1B98A28B0EC5C25BEBF /* [CP] Check Pods Manifest.lock */ = {
			isa = PBXShellScriptBuildPhase;
			buildActionMask = 2147483647;
			files = (
			);
			inputPaths = (
			);
			name = "[CP] Check Pods Manifest.lock";
			outputPaths = (
			);
			runOnlyForDeploymentPostprocessing = 0;
			shellPath = /bin/sh;
			shellScript = "diff \"${PODS_ROOT}/../Podfile.lock\" \"${PODS_ROOT}/Manifest.lock\" > /dev/null\nif [ $? != 0 ] ; then\n    # print error to STDERR\n    echo \"error: The sandbox is not in sync with the Podfile.lock. Run 'pod install' or update your CocoaPods installation.\" >&2\n    exit 1\nfi\n";
			showEnvVarsInLog = 0;
		};
		7109BF5C566F92852A46ECE5 /* [CP] Copy Pods Resources */ = {
			isa = PBXShellScriptBuildPhase;
			buildActionMask = 2147483647;
			files = (
			);
			inputPaths = (
			);
			name = "[CP] Copy Pods Resources";
			outputPaths = (
			);
			runOnlyForDeploymentPostprocessing = 0;
			shellPath = /bin/sh;
			shellScript = "\"${SRCROOT}/Pods/Target Support Files/Pods-Diplomski_rad/Pods-Diplomski_rad-resources.sh\"\n";
			showEnvVarsInLog = 0;
		};
		893BBF0C5035E72C83D121BB /* [CP] Embed Pods Frameworks */ = {
			isa = PBXShellScriptBuildPhase;
			buildActionMask = 2147483647;
			files = (
			);
			inputPaths = (
			);
			name = "[CP] Embed Pods Frameworks";
			outputPaths = (
			);
			runOnlyForDeploymentPostprocessing = 0;
			shellPath = /bin/sh;
			shellScript = "\"${SRCROOT}/Pods/Target Support Files/Pods-Diplomski_radTests/Pods-Diplomski_radTests-frameworks.sh\"\n";
			showEnvVarsInLog = 0;
		};
		92C797F8A4B7B52771EDE0D9 /* [CP] Check Pods Manifest.lock */ = {
			isa = PBXShellScriptBuildPhase;
			buildActionMask = 2147483647;
			files = (
			);
			inputPaths = (
			);
			name = "[CP] Check Pods Manifest.lock";
			outputPaths = (
			);
			runOnlyForDeploymentPostprocessing = 0;
			shellPath = /bin/sh;
			shellScript = "diff \"${PODS_ROOT}/../Podfile.lock\" \"${PODS_ROOT}/Manifest.lock\" > /dev/null\nif [ $? != 0 ] ; then\n    # print error to STDERR\n    echo \"error: The sandbox is not in sync with the Podfile.lock. Run 'pod install' or update your CocoaPods installation.\" >&2\n    exit 1\nfi\n";
			showEnvVarsInLog = 0;
		};
		A802135BF8D69B2F4553D869 /* [CP] Embed Pods Frameworks */ = {
			isa = PBXShellScriptBuildPhase;
			buildActionMask = 2147483647;
			files = (
			);
			inputPaths = (
			);
			name = "[CP] Embed Pods Frameworks";
			outputPaths = (
			);
			runOnlyForDeploymentPostprocessing = 0;
			shellPath = /bin/sh;
			shellScript = "\"${SRCROOT}/Pods/Target Support Files/Pods-Diplomski_radUITests/Pods-Diplomski_radUITests-frameworks.sh\"\n";
			showEnvVarsInLog = 0;
		};
		ADC547051EA3F25000D9B56C /* ShellScript */ = {
			isa = PBXShellScriptBuildPhase;
			buildActionMask = 2147483647;
			files = (
			);
			inputPaths = (
			);
			outputPaths = (
			);
			runOnlyForDeploymentPostprocessing = 0;
			shellPath = /bin/sh;
			shellScript = "";
		};
		C006C2E12108FC47362B4877 /* [CP] Copy Pods Resources */ = {
			isa = PBXShellScriptBuildPhase;
			buildActionMask = 2147483647;
			files = (
			);
			inputPaths = (
			);
			name = "[CP] Copy Pods Resources";
			outputPaths = (
			);
			runOnlyForDeploymentPostprocessing = 0;
			shellPath = /bin/sh;
			shellScript = "\"${SRCROOT}/Pods/Target Support Files/Pods-Diplomski_radUITests/Pods-Diplomski_radUITests-resources.sh\"\n";
			showEnvVarsInLog = 0;
		};
/* End PBXShellScriptBuildPhase section */

/* Begin PBXSourcesBuildPhase section */
		ADC546D01EA3E53100D9B56C /* Sources */ = {
			isa = PBXSourcesBuildPhase;
			buildActionMask = 2147483647;
			files = (
				ADC546DA1EA3E53100D9B56C /* ViewController.swift in Sources */,
				ADC546D81EA3E53100D9B56C /* AppDelegate.swift in Sources */,
			);
			runOnlyForDeploymentPostprocessing = 0;
		};
		ADC546E41EA3E53100D9B56C /* Sources */ = {
			isa = PBXSourcesBuildPhase;
			buildActionMask = 2147483647;
			files = (
				ADC546ED1EA3E53100D9B56C /* Diplomski_radTests.swift in Sources */,
			);
			runOnlyForDeploymentPostprocessing = 0;
		};
		ADC546EF1EA3E53100D9B56C /* Sources */ = {
			isa = PBXSourcesBuildPhase;
			buildActionMask = 2147483647;
			files = (
				ADC546F81EA3E53100D9B56C /* Diplomski_radUITests.swift in Sources */,
			);
			runOnlyForDeploymentPostprocessing = 0;
		};
/* End PBXSourcesBuildPhase section */

/* Begin PBXTargetDependency section */
		ADC546EA1EA3E53100D9B56C /* PBXTargetDependency */ = {
			isa = PBXTargetDependency;
			target = ADC546D31EA3E53100D9B56C /* Diplomski_rad */;
			targetProxy = ADC546E91EA3E53100D9B56C /* PBXContainerItemProxy */;
		};
		ADC546F51EA3E53100D9B56C /* PBXTargetDependency */ = {
			isa = PBXTargetDependency;
			target = ADC546D31EA3E53100D9B56C /* Diplomski_rad */;
			targetProxy = ADC546F41EA3E53100D9B56C /* PBXContainerItemProxy */;
		};
/* End PBXTargetDependency section */

/* Begin PBXVariantGroup section */
		ADC546DB1EA3E53100D9B56C /* Main.storyboard */ = {
			isa = PBXVariantGroup;
			children = (
				ADC546DC1EA3E53100D9B56C /* Base */,
			);
			name = Main.storyboard;
			sourceTree = "<group>";
		};
		ADC546E01EA3E53100D9B56C /* LaunchScreen.storyboard */ = {
			isa = PBXVariantGroup;
			children = (
				ADC546E11EA3E53100D9B56C /* Base */,
			);
			name = LaunchScreen.storyboard;
			sourceTree = "<group>";
		};
/* End PBXVariantGroup section */

/* Begin XCBuildConfiguration section */
		ADC546FA1EA3E53100D9B56C /* Debug */ = {
			isa = XCBuildConfiguration;
			buildSettings = {
				ALWAYS_SEARCH_USER_PATHS = NO;
				CLANG_ANALYZER_NONNULL = YES;
				CLANG_ANALYZER_NUMBER_OBJECT_CONVERSION = YES_AGGRESSIVE;
				CLANG_CXX_LANGUAGE_STANDARD = "gnu++0x";
				CLANG_CXX_LIBRARY = "libc++";
				CLANG_ENABLE_MODULES = YES;
				CLANG_ENABLE_OBJC_ARC = YES;
				CLANG_WARN_BOOL_CONVERSION = YES;
				CLANG_WARN_CONSTANT_CONVERSION = YES;
				CLANG_WARN_DIRECT_OBJC_ISA_USAGE = YES_ERROR;
				CLANG_WARN_DOCUMENTATION_COMMENTS = YES;
				CLANG_WARN_EMPTY_BODY = YES;
				CLANG_WARN_ENUM_CONVERSION = YES;
				CLANG_WARN_INFINITE_RECURSION = YES;
				CLANG_WARN_INT_CONVERSION = YES;
				CLANG_WARN_OBJC_ROOT_CLASS = YES_ERROR;
				CLANG_WARN_SUSPICIOUS_MOVE = YES;
				CLANG_WARN_UNREACHABLE_CODE = YES;
				CLANG_WARN__DUPLICATE_METHOD_MATCH = YES;
				"CODE_SIGN_IDENTITY[sdk=iphoneos*]" = "iPhone Developer";
				COPY_PHASE_STRIP = NO;
				DEBUG_INFORMATION_FORMAT = dwarf;
				ENABLE_STRICT_OBJC_MSGSEND = YES;
				ENABLE_TESTABILITY = YES;
				GCC_C_LANGUAGE_STANDARD = gnu99;
				GCC_DYNAMIC_NO_PIC = NO;
				GCC_NO_COMMON_BLOCKS = YES;
				GCC_OPTIMIZATION_LEVEL = 0;
				GCC_PREPROCESSOR_DEFINITIONS = (
					"DEBUG=1",
					"$(inherited)",
				);
				GCC_WARN_64_TO_32_BIT_CONVERSION = YES;
				GCC_WARN_ABOUT_RETURN_TYPE = YES_ERROR;
				GCC_WARN_UNDECLARED_SELECTOR = YES;
				GCC_WARN_UNINITIALIZED_AUTOS = YES_AGGRESSIVE;
				GCC_WARN_UNUSED_FUNCTION = YES;
				GCC_WARN_UNUSED_VARIABLE = YES;
				IPHONEOS_DEPLOYMENT_TARGET = 10.3;
				MTL_ENABLE_DEBUG_INFO = YES;
				ONLY_ACTIVE_ARCH = YES;
				SDKROOT = iphoneos;
				SWIFT_ACTIVE_COMPILATION_CONDITIONS = DEBUG;
				SWIFT_OPTIMIZATION_LEVEL = "-Onone";
				TARGETED_DEVICE_FAMILY = "1,2";
			};
			name = Debug;
		};
		ADC546FB1EA3E53100D9B56C /* Release */ = {
			isa = XCBuildConfiguration;
			buildSettings = {
				ALWAYS_SEARCH_USER_PATHS = NO;
				CLANG_ANALYZER_NONNULL = YES;
				CLANG_ANALYZER_NUMBER_OBJECT_CONVERSION = YES_AGGRESSIVE;
				CLANG_CXX_LANGUAGE_STANDARD = "gnu++0x";
				CLANG_CXX_LIBRARY = "libc++";
				CLANG_ENABLE_MODULES = YES;
				CLANG_ENABLE_OBJC_ARC = YES;
				CLANG_WARN_BOOL_CONVERSION = YES;
				CLANG_WARN_CONSTANT_CONVERSION = YES;
				CLANG_WARN_DIRECT_OBJC_ISA_USAGE = YES_ERROR;
				CLANG_WARN_DOCUMENTATION_COMMENTS = YES;
				CLANG_WARN_EMPTY_BODY = YES;
				CLANG_WARN_ENUM_CONVERSION = YES;
				CLANG_WARN_INFINITE_RECURSION = YES;
				CLANG_WARN_INT_CONVERSION = YES;
				CLANG_WARN_OBJC_ROOT_CLASS = YES_ERROR;
				CLANG_WARN_SUSPICIOUS_MOVE = YES;
				CLANG_WARN_UNREACHABLE_CODE = YES;
				CLANG_WARN__DUPLICATE_METHOD_MATCH = YES;
				"CODE_SIGN_IDENTITY[sdk=iphoneos*]" = "iPhone Developer";
				COPY_PHASE_STRIP = NO;
				DEBUG_INFORMATION_FORMAT = "dwarf-with-dsym";
				ENABLE_NS_ASSERTIONS = NO;
				ENABLE_STRICT_OBJC_MSGSEND = YES;
				GCC_C_LANGUAGE_STANDARD = gnu99;
				GCC_NO_COMMON_BLOCKS = YES;
				GCC_WARN_64_TO_32_BIT_CONVERSION = YES;
				GCC_WARN_ABOUT_RETURN_TYPE = YES_ERROR;
				GCC_WARN_UNDECLARED_SELECTOR = YES;
				GCC_WARN_UNINITIALIZED_AUTOS = YES_AGGRESSIVE;
				GCC_WARN_UNUSED_FUNCTION = YES;
				GCC_WARN_UNUSED_VARIABLE = YES;
				IPHONEOS_DEPLOYMENT_TARGET = 10.3;
				MTL_ENABLE_DEBUG_INFO = NO;
				SDKROOT = iphoneos;
				SWIFT_OPTIMIZATION_LEVEL = "-Owholemodule";
				TARGETED_DEVICE_FAMILY = "1,2";
				VALIDATE_PRODUCT = YES;
			};
			name = Release;
		};
		ADC546FD1EA3E53100D9B56C /* Debug */ = {
			isa = XCBuildConfiguration;
			baseConfigurationReference = 2550C76A5D5B20AC5D46ECAC /* Pods-Diplomski_rad.debug.xcconfig */;
			buildSettings = {
				ASSETCATALOG_COMPILER_APPICON_NAME = AppIcon;
				DEVELOPMENT_TEAM = XU2GV7VZT6;
				INFOPLIST_FILE = Diplomski_rad/Info.plist;
				LD_RUNPATH_SEARCH_PATHS = "$(inherited) @executable_path/Frameworks";
				PRODUCT_BUNDLE_IDENTIFIER = "com.undabot.Diplomski-rad";
				PRODUCT_NAME = "$(TARGET_NAME)";
				SWIFT_VERSION = 3.0;
			};
			name = Debug;
		};
		ADC546FE1EA3E53100D9B56C /* Release */ = {
			isa = XCBuildConfiguration;
			baseConfigurationReference = 2A0B9C9EC598540D769253D8 /* Pods-Diplomski_rad.release.xcconfig */;
			buildSettings = {
				ASSETCATALOG_COMPILER_APPICON_NAME = AppIcon;
				DEVELOPMENT_TEAM = XU2GV7VZT6;
				INFOPLIST_FILE = Diplomski_rad/Info.plist;
				LD_RUNPATH_SEARCH_PATHS = "$(inherited) @executable_path/Frameworks";
				PRODUCT_BUNDLE_IDENTIFIER = "com.undabot.Diplomski-rad";
				PRODUCT_NAME = "$(TARGET_NAME)";
				SWIFT_VERSION = 3.0;
			};
			name = Release;
		};
		ADC547001EA3E53100D9B56C /* Debug */ = {
			isa = XCBuildConfiguration;
			baseConfigurationReference = 6A33EA8AB8BCF3E6B323E20A /* Pods-Diplomski_radTests.debug.xcconfig */;
			buildSettings = {
				ALWAYS_EMBED_SWIFT_STANDARD_LIBRARIES = YES;
				BUNDLE_LOADER = "$(TEST_HOST)";
				DEVELOPMENT_TEAM = MDX989Y6D8;
				INFOPLIST_FILE = Diplomski_radTests/Info.plist;
				LD_RUNPATH_SEARCH_PATHS = "$(inherited) @executable_path/Frameworks @loader_path/Frameworks";
				PRODUCT_BUNDLE_IDENTIFIER = "com.rep.Diplomski-radTests";
				PRODUCT_NAME = "$(TARGET_NAME)";
				SWIFT_VERSION = 3.0;
				TEST_HOST = "$(BUILT_PRODUCTS_DIR)/Diplomski_rad.app/Diplomski_rad";
			};
			name = Debug;
		};
		ADC547011EA3E53100D9B56C /* Release */ = {
			isa = XCBuildConfiguration;
			baseConfigurationReference = 54D0649AF83478531A8B3B5F /* Pods-Diplomski_radTests.release.xcconfig */;
			buildSettings = {
				ALWAYS_EMBED_SWIFT_STANDARD_LIBRARIES = YES;
				BUNDLE_LOADER = "$(TEST_HOST)";
				DEVELOPMENT_TEAM = MDX989Y6D8;
				INFOPLIST_FILE = Diplomski_radTests/Info.plist;
				LD_RUNPATH_SEARCH_PATHS = "$(inherited) @executable_path/Frameworks @loader_path/Frameworks";
				PRODUCT_BUNDLE_IDENTIFIER = "com.rep.Diplomski-radTests";
				PRODUCT_NAME = "$(TARGET_NAME)";
				SWIFT_VERSION = 3.0;
				TEST_HOST = "$(BUILT_PRODUCTS_DIR)/Diplomski_rad.app/Diplomski_rad";
			};
			name = Release;
		};
		ADC547031EA3E53100D9B56C /* Debug */ = {
			isa = XCBuildConfiguration;
			baseConfigurationReference = 7F5DDAABA3582F9D81308E22 /* Pods-Diplomski_radUITests.debug.xcconfig */;
			buildSettings = {
				ALWAYS_EMBED_SWIFT_STANDARD_LIBRARIES = YES;
				DEVELOPMENT_TEAM = MDX989Y6D8;
				INFOPLIST_FILE = Diplomski_radUITests/Info.plist;
				LD_RUNPATH_SEARCH_PATHS = "$(inherited) @executable_path/Frameworks @loader_path/Frameworks";
				PRODUCT_BUNDLE_IDENTIFIER = "com.rep.Diplomski-radUITests";
				PRODUCT_NAME = "$(TARGET_NAME)";
				SWIFT_VERSION = 3.0;
				TEST_TARGET_NAME = Diplomski_rad;
			};
			name = Debug;
		};
		ADC547041EA3E53100D9B56C /* Release */ = {
			isa = XCBuildConfiguration;
			baseConfigurationReference = B18B3E362CFABB14D7666A89 /* Pods-Diplomski_radUITests.release.xcconfig */;
			buildSettings = {
				ALWAYS_EMBED_SWIFT_STANDARD_LIBRARIES = YES;
				DEVELOPMENT_TEAM = MDX989Y6D8;
				INFOPLIST_FILE = Diplomski_radUITests/Info.plist;
				LD_RUNPATH_SEARCH_PATHS = "$(inherited) @executable_path/Frameworks @loader_path/Frameworks";
				PRODUCT_BUNDLE_IDENTIFIER = "com.rep.Diplomski-radUITests";
				PRODUCT_NAME = "$(TARGET_NAME)";
				SWIFT_VERSION = 3.0;
				TEST_TARGET_NAME = Diplomski_rad;
			};
			name = Release;
		};
/* End XCBuildConfiguration section */

/* Begin XCConfigurationList section */
		ADC546CF1EA3E53000D9B56C /* Build configuration list for PBXProject "Diplomski_rad" */ = {
			isa = XCConfigurationList;
			buildConfigurations = (
				ADC546FA1EA3E53100D9B56C /* Debug */,
				ADC546FB1EA3E53100D9B56C /* Release */,
			);
			defaultConfigurationIsVisible = 0;
			defaultConfigurationName = Release;
		};
		ADC546FC1EA3E53100D9B56C /* Build configuration list for PBXNativeTarget "Diplomski_rad" */ = {
			isa = XCConfigurationList;
			buildConfigurations = (
				ADC546FD1EA3E53100D9B56C /* Debug */,
				ADC546FE1EA3E53100D9B56C /* Release */,
			);
			defaultConfigurationIsVisible = 0;
			defaultConfigurationName = Release;
		};
		ADC546FF1EA3E53100D9B56C /* Build configuration list for PBXNativeTarget "Diplomski_radTests" */ = {
			isa = XCConfigurationList;
			buildConfigurations = (
				ADC547001EA3E53100D9B56C /* Debug */,
				ADC547011EA3E53100D9B56C /* Release */,
			);
			defaultConfigurationIsVisible = 0;
			defaultConfigurationName = Release;
		};
		ADC547021EA3E53100D9B56C /* Build configuration list for PBXNativeTarget "Diplomski_radUITests" */ = {
			isa = XCConfigurationList;
			buildConfigurations = (
				ADC547031EA3E53100D9B56C /* Debug */,
				ADC547041EA3E53100D9B56C /* Release */,
			);
			defaultConfigurationIsVisible = 0;
			defaultConfigurationName = Release;
		};
/* End XCConfigurationList section */
	};
	rootObject = ADC546CC1EA3E53000D9B56C /* Project object */;
}
